
Microsoft Visual Studio Solution File, Format Version 12.00
# Visual Studio Version 17
VisualStudioVersion = 17.0.31919.166
MinimumVisualStudioVersion = 10.0.40219.1
Project("{2150E333-8FDC-42A3-9474-1A3956D46DE8}") = "Solution Items", "Solution Items", "{A48456D5-DD7D-4E1C-9307-4996EA3D2CA8}"
	ProjectSection(SolutionItems) = preProject
		.travis.yml = .travis.yml
		appveyor.yml = appveyor.yml
		src\Directory.Build.props = src\Directory.Build.props
		global.json = global.json
		README.md = README.md
	EndProjectSection
EndProject
Project("{2150E333-8FDC-42A3-9474-1A3956D46DE8}") = "Base", "Base", "{418497D4-D25E-4254-9DB1-E5F7EBE24DA0}"
EndProject
Project("{2150E333-8FDC-42A3-9474-1A3956D46DE8}") = "Logging", "Logging", "{EB2EE17E-C328-4EA5-9A21-DFB083E602EB}"
EndProject
Project("{2150E333-8FDC-42A3-9474-1A3956D46DE8}") = "Execution", "Execution", "{BB7CDC1F-3D38-4656-97A9-132B25AD72D4}"
EndProject
Project("{2150E333-8FDC-42A3-9474-1A3956D46DE8}") = "Analytics", "Analytics", "{CBB07872-38A9-400C-B8C0-16CF6E1CBA1F}"
EndProject
Project("{9A19103F-16F7-4668-BE54-9A1E7A4F7556}") = "LionFire.Environment", "src\LionFire.Environment\LionFire.Environment.csproj", "{F5DD631D-3248-4854-8CF5-0642B6A51D93}"
EndProject
Project("{2150E333-8FDC-42A3-9474-1A3956D46DE8}") = "Info", "Info", "{A3A8115C-B22B-4A3F-B738-46720422BAE2}"
EndProject
Project("{2150E333-8FDC-42A3-9474-1A3956D46DE8}") = "Applications Framework", "Applications Framework", "{09B43286-7E2B-4635-9DDB-DB0E01300E19}"
EndProject
Project("{2150E333-8FDC-42A3-9474-1A3956D46DE8}") = "Web", "Web", "{2668C0CD-D04D-4D74-B7CC-23BD5CB54354}"
EndProject
Project("{9A19103F-16F7-4668-BE54-9A1E7A4F7556}") = "LionFire.AspNetCore", "src\LionFire.AspNetCore\LionFire.AspNetCore.csproj", "{CE74D94C-1F94-477C-B8C4-F9402FD21E8D}"
EndProject
Project("{2150E333-8FDC-42A3-9474-1A3956D46DE8}") = "Configuration", "Configuration", "{6DB7083A-A71B-4E5C-8A3C-50521F9C251B}"
EndProject
Project("{9A19103F-16F7-4668-BE54-9A1E7A4F7556}") = "LionFire.Extensions.Configuration", "src\LionFire.Extensions.Configuration\LionFire.Extensions.Configuration.csproj", "{70DEEFCE-3659-4F26-9775-F16FCDDBE70C}"
EndProject
Project("{9A19103F-16F7-4668-BE54-9A1E7A4F7556}") = "LionFire.Hosting", "src\LionFire.Hosting\LionFire.Hosting.csproj", "{48FDF514-6C5F-4913-A372-F639C1147A8E}"
EndProject
Global
	GlobalSection(SolutionConfigurationPlatforms) = preSolution
		Debug|Any CPU = Debug|Any CPU
		Release|Any CPU = Release|Any CPU
	EndGlobalSection
	GlobalSection(ProjectConfigurationPlatforms) = postSolution
		{F5DD631D-3248-4854-8CF5-0642B6A51D93}.Debug|Any CPU.ActiveCfg = Debug|Any CPU
		{F5DD631D-3248-4854-8CF5-0642B6A51D93}.Debug|Any CPU.Build.0 = Debug|Any CPU
		{F5DD631D-3248-4854-8CF5-0642B6A51D93}.Release|Any CPU.ActiveCfg = Release|Any CPU
		{F5DD631D-3248-4854-8CF5-0642B6A51D93}.Release|Any CPU.Build.0 = Release|Any CPU
		{CE74D94C-1F94-477C-B8C4-F9402FD21E8D}.Debug|Any CPU.ActiveCfg = Debug|Any CPU
		{CE74D94C-1F94-477C-B8C4-F9402FD21E8D}.Debug|Any CPU.Build.0 = Debug|Any CPU
		{CE74D94C-1F94-477C-B8C4-F9402FD21E8D}.Release|Any CPU.ActiveCfg = Release|Any CPU
		{CE74D94C-1F94-477C-B8C4-F9402FD21E8D}.Release|Any CPU.Build.0 = Release|Any CPU
		{70DEEFCE-3659-4F26-9775-F16FCDDBE70C}.Debug|Any CPU.ActiveCfg = Debug|Any CPU
		{70DEEFCE-3659-4F26-9775-F16FCDDBE70C}.Debug|Any CPU.Build.0 = Debug|Any CPU
		{70DEEFCE-3659-4F26-9775-F16FCDDBE70C}.Release|Any CPU.ActiveCfg = Release|Any CPU
		{70DEEFCE-3659-4F26-9775-F16FCDDBE70C}.Release|Any CPU.Build.0 = Release|Any CPU
		{48FDF514-6C5F-4913-A372-F639C1147A8E}.Debug|Any CPU.ActiveCfg = Debug|Any CPU
		{48FDF514-6C5F-4913-A372-F639C1147A8E}.Debug|Any CPU.Build.0 = Debug|Any CPU
		{48FDF514-6C5F-4913-A372-F639C1147A8E}.Release|Any CPU.ActiveCfg = Release|Any CPU
		{48FDF514-6C5F-4913-A372-F639C1147A8E}.Release|Any CPU.Build.0 = Release|Any CPU
	EndGlobalSection
	GlobalSection(SolutionProperties) = preSolution
		HideSolutionNode = FALSE
	EndGlobalSection
	GlobalSection(NestedProjects) = preSolution
		{CE74D94C-1F94-477C-B8C4-F9402FD21E8D} = {2668C0CD-D04D-4D74-B7CC-23BD5CB54354}
		{70DEEFCE-3659-4F26-9775-F16FCDDBE70C} = {6DB7083A-A71B-4E5C-8A3C-50521F9C251B}
	EndGlobalSection
	GlobalSection(ExtensibilityGlobals) = postSolution
		SolutionGuid = {8C09CBEE-09F7-4E34-B129-B4F329D57730}
	EndGlobalSection
EndGlobal
