
Microsoft Visual Studio Solution File, Format Version 12.00
# Visual Studio 15
VisualStudioVersion = 15.0.26228.4
MinimumVisualStudioVersion = 10.0.40219.1
Project("{2150E333-8FDC-42A3-9474-1A3956D46DE8}") = "Solution Items", "Solution Items", "{A48456D5-DD7D-4E1C-9307-4996EA3D2CA8}"
	ProjectSection(SolutionItems) = preProject
		global.json = global.json
	EndProjectSection
EndProject
Project("{2150E333-8FDC-42A3-9474-1A3956D46DE8}") = "Standard", "Standard", "{418497D4-D25E-4254-9DB1-E5F7EBE24DA0}"
EndProject
Project("{2150E333-8FDC-42A3-9474-1A3956D46DE8}") = "Logging", "Logging", "{EB2EE17E-C328-4EA5-9A21-DFB083E602EB}"
EndProject
Project("{2150E333-8FDC-42A3-9474-1A3956D46DE8}") = "Execution", "Execution", "{BB7CDC1F-3D38-4656-97A9-132B25AD72D4}"
EndProject
Project("{2150E333-8FDC-42A3-9474-1A3956D46DE8}") = "Remoting", "Remoting", "{1439D5A0-81DF-4BC3-8507-93D0F00BD4D0}"
EndProject
Project("{2150E333-8FDC-42A3-9474-1A3956D46DE8}") = "Analytics", "Analytics", "{CBB07872-38A9-400C-B8C0-16CF6E1CBA1F}"
EndProject
Project("{9A19103F-16F7-4668-BE54-9A1E7A4F7556}") = "LionFire.Environment", "src\LionFire.Environment\LionFire.Environment.csproj", "{F5DD631D-3248-4854-8CF5-0642B6A51D93}"
EndProject
Project("{9A19103F-16F7-4668-BE54-9A1E7A4F7556}") = "LionFire.Runtime.Extensions", "src\LionFire.Runtime.Extensions\LionFire.Runtime.Extensions.csproj", "{CDD959D2-8FEF-44AE-9E83-64E66C75A37E}"
EndProject
Project("{2150E333-8FDC-42A3-9474-1A3956D46DE8}") = "Data", "Data", "{A3A8115C-B22B-4A3F-B738-46720422BAE2}"
EndProject
Project("{9A19103F-16F7-4668-BE54-9A1E7A4F7556}") = "LionFire.Persistence.Assets.Abstractions", "src\LionFire.Persistence.Assets.Abstractions\LionFire.Persistence.Assets.Abstractions.csproj", "{421E9A19-D78A-4767-9FF0-F2BB5752B5AF}"
EndProject
Project("{9A19103F-16F7-4668-BE54-9A1E7A4F7556}") = "LionFire.Persistence.Assets", "src\LionFire.Persistence.Assets\LionFire.Persistence.Assets.csproj", "{0E485681-0249-49F3-B08C-E68C29E25D7C}"
EndProject
Project("{2150E333-8FDC-42A3-9474-1A3956D46DE8}") = "Applications", "Applications", "{09B43286-7E2B-4635-9DDB-DB0E01300E19}"
EndProject
Project("{9A19103F-16F7-4668-BE54-9A1E7A4F7556}") = "LionFire.Applications.Abstractions", "src\LionFire.Applications.Abstractions\LionFire.Applications.Abstractions.csproj", "{B3A9BCA9-2EE5-46A8-B3EE-0738BB68CDAF}"
EndProject
Project("{9A19103F-16F7-4668-BE54-9A1E7A4F7556}") = "LionFire.Applications", "src\LionFire.Applications\LionFire.Applications.csproj", "{7EC019EC-9A04-452D-A360-13B5D25E0CA0}"
EndProject
Project("{9A19103F-16F7-4668-BE54-9A1E7A4F7556}") = "LionFire.Applications.CommandLine", "src\LionFire.Applications.CommandLine\LionFire.Applications.CommandLine.csproj", "{4C627E72-90D8-45A0-B9B7-6C0FBE0A3BB2}"
EndProject
Project("{9A19103F-16F7-4668-BE54-9A1E7A4F7556}") = "LionFire.Annotations.Compilation", "src\LionFire.Annotations.Compilation\LionFire.Annotations.Compilation.csproj", "{C2EF2C8F-BDD1-47B6-9A07-9A946B137A26}"
EndProject
Project("{9A19103F-16F7-4668-BE54-9A1E7A4F7556}") = "LionFire.Execution.Abstractions", "src\LionFire.Execution.Abstractions\LionFire.Execution.Abstractions.csproj", "{A443488C-8097-4DE5-83B0-272089C47D61}"
EndProject
Project("{9A19103F-16F7-4668-BE54-9A1E7A4F7556}") = "LionFire.Execution", "src\LionFire.Execution\LionFire.Execution.csproj", "{2638F46F-0E74-4095-A955-FC171211444D}"
EndProject
Project("{9A19103F-16F7-4668-BE54-9A1E7A4F7556}") = "LionFire.Instantiating.Abstractions", "src\LionFire.Instantiating.Abstractions\LionFire.Instantiating.Abstractions.csproj", "{233BA497-988A-41A2-B4C9-B09C4DE2067C}"
EndProject
Project("{9A19103F-16F7-4668-BE54-9A1E7A4F7556}") = "LionFire.Instantiating", "src\LionFire.Instantiating\LionFire.Instantiating.csproj", "{5ED8A64D-F11B-4F82-8FA8-B634B0772E6F}"
EndProject
Project("{9A19103F-16F7-4668-BE54-9A1E7A4F7556}") = "LionFire.Environment.CommandLine", "src\LionFire.Environment.CommandLine\LionFire.Environment.CommandLine.csproj", "{7BA9647E-FD29-455A-8857-57276E9A83F9}"
EndProject
Global
	GlobalSection(SolutionConfigurationPlatforms) = preSolution
		Debug|Any CPU = Debug|Any CPU
		Release|Any CPU = Release|Any CPU
	EndGlobalSection
	GlobalSection(ProjectConfigurationPlatforms) = postSolution
		{F5DD631D-3248-4854-8CF5-0642B6A51D93}.Debug|Any CPU.ActiveCfg = Debug|Any CPU
		{F5DD631D-3248-4854-8CF5-0642B6A51D93}.Debug|Any CPU.Build.0 = Debug|Any CPU
		{F5DD631D-3248-4854-8CF5-0642B6A51D93}.Release|Any CPU.ActiveCfg = Release|Any CPU
		{F5DD631D-3248-4854-8CF5-0642B6A51D93}.Release|Any CPU.Build.0 = Release|Any CPU
		{CDD959D2-8FEF-44AE-9E83-64E66C75A37E}.Debug|Any CPU.ActiveCfg = Debug|Any CPU
		{CDD959D2-8FEF-44AE-9E83-64E66C75A37E}.Debug|Any CPU.Build.0 = Debug|Any CPU
		{CDD959D2-8FEF-44AE-9E83-64E66C75A37E}.Release|Any CPU.ActiveCfg = Release|Any CPU
		{CDD959D2-8FEF-44AE-9E83-64E66C75A37E}.Release|Any CPU.Build.0 = Release|Any CPU
		{421E9A19-D78A-4767-9FF0-F2BB5752B5AF}.Debug|Any CPU.ActiveCfg = Debug|Any CPU
		{421E9A19-D78A-4767-9FF0-F2BB5752B5AF}.Debug|Any CPU.Build.0 = Debug|Any CPU
		{421E9A19-D78A-4767-9FF0-F2BB5752B5AF}.Release|Any CPU.ActiveCfg = Release|Any CPU
		{421E9A19-D78A-4767-9FF0-F2BB5752B5AF}.Release|Any CPU.Build.0 = Release|Any CPU
		{0E485681-0249-49F3-B08C-E68C29E25D7C}.Debug|Any CPU.ActiveCfg = Debug|Any CPU
		{0E485681-0249-49F3-B08C-E68C29E25D7C}.Debug|Any CPU.Build.0 = Debug|Any CPU
		{0E485681-0249-49F3-B08C-E68C29E25D7C}.Release|Any CPU.ActiveCfg = Release|Any CPU
		{0E485681-0249-49F3-B08C-E68C29E25D7C}.Release|Any CPU.Build.0 = Release|Any CPU
		{B3A9BCA9-2EE5-46A8-B3EE-0738BB68CDAF}.Debug|Any CPU.ActiveCfg = Debug|Any CPU
		{B3A9BCA9-2EE5-46A8-B3EE-0738BB68CDAF}.Debug|Any CPU.Build.0 = Debug|Any CPU
		{B3A9BCA9-2EE5-46A8-B3EE-0738BB68CDAF}.Release|Any CPU.ActiveCfg = Release|Any CPU
		{B3A9BCA9-2EE5-46A8-B3EE-0738BB68CDAF}.Release|Any CPU.Build.0 = Release|Any CPU
		{7EC019EC-9A04-452D-A360-13B5D25E0CA0}.Debug|Any CPU.ActiveCfg = Debug|Any CPU
		{7EC019EC-9A04-452D-A360-13B5D25E0CA0}.Debug|Any CPU.Build.0 = Debug|Any CPU
		{7EC019EC-9A04-452D-A360-13B5D25E0CA0}.Release|Any CPU.ActiveCfg = Release|Any CPU
		{7EC019EC-9A04-452D-A360-13B5D25E0CA0}.Release|Any CPU.Build.0 = Release|Any CPU
		{4C627E72-90D8-45A0-B9B7-6C0FBE0A3BB2}.Debug|Any CPU.ActiveCfg = Debug|Any CPU
		{4C627E72-90D8-45A0-B9B7-6C0FBE0A3BB2}.Debug|Any CPU.Build.0 = Debug|Any CPU
		{4C627E72-90D8-45A0-B9B7-6C0FBE0A3BB2}.Release|Any CPU.ActiveCfg = Release|Any CPU
		{4C627E72-90D8-45A0-B9B7-6C0FBE0A3BB2}.Release|Any CPU.Build.0 = Release|Any CPU
		{C2EF2C8F-BDD1-47B6-9A07-9A946B137A26}.Debug|Any CPU.ActiveCfg = Debug|Any CPU
		{C2EF2C8F-BDD1-47B6-9A07-9A946B137A26}.Debug|Any CPU.Build.0 = Debug|Any CPU
		{C2EF2C8F-BDD1-47B6-9A07-9A946B137A26}.Release|Any CPU.ActiveCfg = Release|Any CPU
		{C2EF2C8F-BDD1-47B6-9A07-9A946B137A26}.Release|Any CPU.Build.0 = Release|Any CPU
		{A443488C-8097-4DE5-83B0-272089C47D61}.Debug|Any CPU.ActiveCfg = Debug|Any CPU
		{A443488C-8097-4DE5-83B0-272089C47D61}.Debug|Any CPU.Build.0 = Debug|Any CPU
		{A443488C-8097-4DE5-83B0-272089C47D61}.Release|Any CPU.ActiveCfg = Release|Any CPU
		{A443488C-8097-4DE5-83B0-272089C47D61}.Release|Any CPU.Build.0 = Release|Any CPU
		{2638F46F-0E74-4095-A955-FC171211444D}.Debug|Any CPU.ActiveCfg = Debug|Any CPU
		{2638F46F-0E74-4095-A955-FC171211444D}.Debug|Any CPU.Build.0 = Debug|Any CPU
		{2638F46F-0E74-4095-A955-FC171211444D}.Release|Any CPU.ActiveCfg = Release|Any CPU
		{2638F46F-0E74-4095-A955-FC171211444D}.Release|Any CPU.Build.0 = Release|Any CPU
		{233BA497-988A-41A2-B4C9-B09C4DE2067C}.Debug|Any CPU.ActiveCfg = Debug|Any CPU
		{233BA497-988A-41A2-B4C9-B09C4DE2067C}.Debug|Any CPU.Build.0 = Debug|Any CPU
		{233BA497-988A-41A2-B4C9-B09C4DE2067C}.Release|Any CPU.ActiveCfg = Release|Any CPU
		{233BA497-988A-41A2-B4C9-B09C4DE2067C}.Release|Any CPU.Build.0 = Release|Any CPU
		{5ED8A64D-F11B-4F82-8FA8-B634B0772E6F}.Debug|Any CPU.ActiveCfg = Debug|Any CPU
		{5ED8A64D-F11B-4F82-8FA8-B634B0772E6F}.Debug|Any CPU.Build.0 = Debug|Any CPU
		{5ED8A64D-F11B-4F82-8FA8-B634B0772E6F}.Release|Any CPU.ActiveCfg = Release|Any CPU
		{5ED8A64D-F11B-4F82-8FA8-B634B0772E6F}.Release|Any CPU.Build.0 = Release|Any CPU
		{7BA9647E-FD29-455A-8857-57276E9A83F9}.Debug|Any CPU.ActiveCfg = Debug|Any CPU
		{7BA9647E-FD29-455A-8857-57276E9A83F9}.Debug|Any CPU.Build.0 = Debug|Any CPU
		{7BA9647E-FD29-455A-8857-57276E9A83F9}.Release|Any CPU.ActiveCfg = Release|Any CPU
		{7BA9647E-FD29-455A-8857-57276E9A83F9}.Release|Any CPU.Build.0 = Release|Any CPU
	EndGlobalSection
	GlobalSection(SolutionProperties) = preSolution
		HideSolutionNode = FALSE
	EndGlobalSection
	GlobalSection(NestedProjects) = preSolution
		{F5DD631D-3248-4854-8CF5-0642B6A51D93} = {418497D4-D25E-4254-9DB1-E5F7EBE24DA0}
		{CDD959D2-8FEF-44AE-9E83-64E66C75A37E} = {418497D4-D25E-4254-9DB1-E5F7EBE24DA0}
		{421E9A19-D78A-4767-9FF0-F2BB5752B5AF} = {A3A8115C-B22B-4A3F-B738-46720422BAE2}
		{0E485681-0249-49F3-B08C-E68C29E25D7C} = {A3A8115C-B22B-4A3F-B738-46720422BAE2}
		{B3A9BCA9-2EE5-46A8-B3EE-0738BB68CDAF} = {09B43286-7E2B-4635-9DDB-DB0E01300E19}
		{7EC019EC-9A04-452D-A360-13B5D25E0CA0} = {09B43286-7E2B-4635-9DDB-DB0E01300E19}
		{4C627E72-90D8-45A0-B9B7-6C0FBE0A3BB2} = {09B43286-7E2B-4635-9DDB-DB0E01300E19}
		{C2EF2C8F-BDD1-47B6-9A07-9A946B137A26} = {418497D4-D25E-4254-9DB1-E5F7EBE24DA0}
		{A443488C-8097-4DE5-83B0-272089C47D61} = {BB7CDC1F-3D38-4656-97A9-132B25AD72D4}
		{2638F46F-0E74-4095-A955-FC171211444D} = {BB7CDC1F-3D38-4656-97A9-132B25AD72D4}
		{233BA497-988A-41A2-B4C9-B09C4DE2067C} = {A3A8115C-B22B-4A3F-B738-46720422BAE2}
		{5ED8A64D-F11B-4F82-8FA8-B634B0772E6F} = {A3A8115C-B22B-4A3F-B738-46720422BAE2}
		{7BA9647E-FD29-455A-8857-57276E9A83F9} = {418497D4-D25E-4254-9DB1-E5F7EBE24DA0}
	EndGlobalSection
EndGlobal
