
Microsoft Visual Studio Solution File, Format Version 12.00
# Visual Studio 15
VisualStudioVersion = 15.0.26430.14
MinimumVisualStudioVersion = 10.0.40219.1
Project("{2150E333-8FDC-42A3-9474-1A3956D46DE8}") = "Solution Items", "Solution Items", "{A48456D5-DD7D-4E1C-9307-4996EA3D2CA8}"
	ProjectSection(SolutionItems) = preProject
		.travis.yml = .travis.yml
		appveyor.yml = appveyor.yml
		global.json = global.json
		README.md = README.md
	EndProjectSection
EndProject
Project("{2150E333-8FDC-42A3-9474-1A3956D46DE8}") = "Standard", "Standard", "{418497D4-D25E-4254-9DB1-E5F7EBE24DA0}"
EndProject
Project("{2150E333-8FDC-42A3-9474-1A3956D46DE8}") = "Logging", "Logging", "{EB2EE17E-C328-4EA5-9A21-DFB083E602EB}"
EndProject
Project("{2150E333-8FDC-42A3-9474-1A3956D46DE8}") = "Execution", "Execution", "{BB7CDC1F-3D38-4656-97A9-132B25AD72D4}"
EndProject
Project("{2150E333-8FDC-42A3-9474-1A3956D46DE8}") = "Remoting", "Remoting", "{1439D5A0-81DF-4BC3-8507-93D0F00BD4D0}"
EndProject
Project("{2150E333-8FDC-42A3-9474-1A3956D46DE8}") = "Analytics", "Analytics", "{CBB07872-38A9-400C-B8C0-16CF6E1CBA1F}"
EndProject
Project("{9A19103F-16F7-4668-BE54-9A1E7A4F7556}") = "LionFire.Environment", "src\LionFire.Environment\LionFire.Environment.csproj", "{F5DD631D-3248-4854-8CF5-0642B6A51D93}"
EndProject
Project("{2150E333-8FDC-42A3-9474-1A3956D46DE8}") = "Data", "Data", "{A3A8115C-B22B-4A3F-B738-46720422BAE2}"
EndProject
Project("{9A19103F-16F7-4668-BE54-9A1E7A4F7556}") = "LionFire.Persistence.Assets.Abstractions", "src\LionFire.Persistence.Assets.Abstractions\LionFire.Persistence.Assets.Abstractions.csproj", "{421E9A19-D78A-4767-9FF0-F2BB5752B5AF}"
EndProject
Project("{9A19103F-16F7-4668-BE54-9A1E7A4F7556}") = "LionFire.Persistence.Assets", "src\LionFire.Persistence.Assets\LionFire.Persistence.Assets.csproj", "{0E485681-0249-49F3-B08C-E68C29E25D7C}"
EndProject
Project("{2150E333-8FDC-42A3-9474-1A3956D46DE8}") = "Applications", "Applications", "{09B43286-7E2B-4635-9DDB-DB0E01300E19}"
EndProject
Project("{9A19103F-16F7-4668-BE54-9A1E7A4F7556}") = "LionFire.Applications.Abstractions", "src\LionFire.Applications.Abstractions\LionFire.Applications.Abstractions.csproj", "{B3A9BCA9-2EE5-46A8-B3EE-0738BB68CDAF}"
EndProject
Project("{9A19103F-16F7-4668-BE54-9A1E7A4F7556}") = "LionFire.Applications", "src\LionFire.Applications\LionFire.Applications.csproj", "{7EC019EC-9A04-452D-A360-13B5D25E0CA0}"
EndProject
Project("{9A19103F-16F7-4668-BE54-9A1E7A4F7556}") = "LionFire.Applications.CommandLine", "src\LionFire.Applications.CommandLine\LionFire.Applications.CommandLine.csproj", "{4C627E72-90D8-45A0-B9B7-6C0FBE0A3BB2}"
EndProject
Project("{9A19103F-16F7-4668-BE54-9A1E7A4F7556}") = "LionFire.Execution.Abstractions", "src\LionFire.Execution.Abstractions\LionFire.Execution.Abstractions.csproj", "{A443488C-8097-4DE5-83B0-272089C47D61}"
EndProject
Project("{9A19103F-16F7-4668-BE54-9A1E7A4F7556}") = "LionFire.Execution", "src\LionFire.Execution\LionFire.Execution.csproj", "{2638F46F-0E74-4095-A955-FC171211444D}"
EndProject
Project("{9A19103F-16F7-4668-BE54-9A1E7A4F7556}") = "LionFire.Instantiating.Abstractions", "src\LionFire.Instantiating.Abstractions\LionFire.Instantiating.Abstractions.csproj", "{233BA497-988A-41A2-B4C9-B09C4DE2067C}"
EndProject
Project("{9A19103F-16F7-4668-BE54-9A1E7A4F7556}") = "LionFire.Instantiating", "src\LionFire.Instantiating\LionFire.Instantiating.csproj", "{5ED8A64D-F11B-4F82-8FA8-B634B0772E6F}"
EndProject
Project("{9A19103F-16F7-4668-BE54-9A1E7A4F7556}") = "LionFire.Environment.CommandLine", "src\LionFire.Environment.CommandLine\LionFire.Environment.CommandLine.csproj", "{7BA9647E-FD29-455A-8857-57276E9A83F9}"
EndProject
Project("{9A19103F-16F7-4668-BE54-9A1E7A4F7556}") = "LionFire.ObjectBus", "src\LionFire.ObjectBus\LionFire.ObjectBus.csproj", "{B95556CF-F25B-47A0-B67D-251750DC814C}"
EndProject
Project("{9A19103F-16F7-4668-BE54-9A1E7A4F7556}") = "LionFire.ObjectBus.Abstractions", "src\LionFire.ObjectBus.Abstractions\LionFire.ObjectBus.Abstractions.csproj", "{DF296A2B-EB88-47DE-B22A-41B18DDDACE4}"
EndProject
Project("{9A19103F-16F7-4668-BE54-9A1E7A4F7556}") = "LionFire.ObjectBus.Filesystem", "src\LionFire.ObjectBus.Filesystem\LionFire.ObjectBus.Filesystem.csproj", "{B66E2433-6552-4061-B0A0-4600F0966A3E}"
EndProject
Project("{9A19103F-16F7-4668-BE54-9A1E7A4F7556}") = "LionFire.Vos", "src\LionFire.Vos\LionFire.Vos.csproj", "{2E8C620C-378A-4F81-A004-489B405C3D4C}"
EndProject
Project("{9A19103F-16F7-4668-BE54-9A1E7A4F7556}") = "LionFire.Serialization", "src\LionFire.Serialization\LionFire.Serialization.csproj", "{7C986424-F950-41CE-AA86-07FDFF85E361}"
EndProject
Project("{2150E333-8FDC-42A3-9474-1A3956D46DE8}") = "Programs", "Programs", "{87C3242A-06CC-4F45-A123-1F6FE8DB458B}"
EndProject
Project("{FAE04EC0-301F-11D3-BF4B-00C04F79EFBC}") = "LionFire.Vos.Tests", "src\LionFire.Vos.Tests\LionFire.Vos.Tests.csproj", "{FA32BD92-3CDC-47D9-B8D4-D70E3B7188D2}"
EndProject
Project("{9A19103F-16F7-4668-BE54-9A1E7A4F7556}") = "LionFire.Extensions.Logging.NLog", "src\LionFire.Extensions.Logging.NLog\LionFire.Extensions.Logging.NLog.csproj", "{42D8890F-EDC1-453F-B1FF-CED7862BDC8E}"
EndProject
Project("{FAE04EC0-301F-11D3-BF4B-00C04F79EFBC}") = "LionFire.Logging.Wpf", "src\LionFire.Logging.Wpf\LionFire.Logging.Wpf.csproj", "{26B38ED5-7EF6-4149-91BB-A5CF1AAF7C73}"
EndProject
Project("{9A19103F-16F7-4668-BE54-9A1E7A4F7556}") = "LionFire.Extensions.Logging", "src\LionFire.Extensions.Logging\LionFire.Extensions.Logging.csproj", "{06C01E0E-DB1D-40F0-B67E-E0C9353791F1}"
EndProject
Project("{9A19103F-16F7-4668-BE54-9A1E7A4F7556}") = "LionFire.Notifications", "src\LionFire.Notifications\LionFire.Notifications.csproj", "{5492C9AC-0BD9-4745-B90C-6399E66FE966}"
EndProject
Project("{9A19103F-16F7-4668-BE54-9A1E7A4F7556}") = "LionFire.Notifications.Abstractions", "src\LionFire.Notifications.Abstractions\LionFire.Notifications.Abstractions.csproj", "{60FA5795-357C-4BD3-AE42-792735285B8B}"
EndProject
Project("{2150E333-8FDC-42A3-9474-1A3956D46DE8}") = "Notifications", "Notifications", "{59FBE985-A65C-4691-8149-D422A53D8E5F}"
EndProject
Project("{FAE04EC0-301F-11D3-BF4B-00C04F79EFBC}") = "LionFire.Notifications.Wpf.App", "src\LionFire.Notifications.Wpf.App\LionFire.Notifications.Wpf.App.csproj", "{D3A605C2-E22F-424E-A14B-86061AB72AE0}"
EndProject
Project("{FAE04EC0-301F-11D3-BF4B-00C04F79EFBC}") = "LionFire.Applications.Tests", "src\LionFire.Applications.Tests\LionFire.Applications.Tests.csproj", "{8F4B0B44-5A94-456F-BBCE-B6DFD81E86F3}"
EndProject
Project("{9A19103F-16F7-4668-BE54-9A1E7A4F7556}") = "LionFire.Notifications.Twilio", "src\LionFire.Notifications.Twilio\LionFire.Notifications.Twilio.csproj", "{B624DA7E-B283-4B56-89E5-DAB4627AFB71}"
EndProject
Project("{9A19103F-16F7-4668-BE54-9A1E7A4F7556}") = "LionFire.Notifications.Service", "src\LionFire.Notifications.Service\LionFire.Notifications.Service.csproj", "{C049973E-8763-4480-BCFE-2990F8A0C1CE}"
EndProject
Project("{9A19103F-16F7-4668-BE54-9A1E7A4F7556}") = "LionFire.Core", "src\LionFire.Core\LionFire.Core.csproj", "{43FC315B-303A-4D3F-83AB-490E6ECC9834}"
EndProject
Project("{9A19103F-16F7-4668-BE54-9A1E7A4F7556}") = "LionFire.Core.Tests", "src\LionFire.Core.Tests\LionFire.Core.Tests.csproj", "{AF541BD8-A794-4990-A8CE-F3ABC2161210}"
EndProject
Project("{9A19103F-16F7-4668-BE54-9A1E7A4F7556}") = "LionFire.Misc", "src\LionFire.Misc\LionFire.Misc.csproj", "{B7ED0A85-67DF-4E27-90FF-4FE271EAEA69}"
EndProject
Project("{FAE04EC0-301F-11D3-BF4B-00C04F79EFBC}") = "LionFire.Plugins", "src\LionFire.Plugins\LionFire.Plugins.csproj", "{DC6FCD30-6D89-48D3-B953-9F4E9DD78D61}"
EndProject
Project("{9A19103F-16F7-4668-BE54-9A1E7A4F7556}") = "LionFire.StateMachines", "src\LionFire.StateMachines\LionFire.StateMachines.csproj", "{99C0D907-5BFB-4081-A290-83C191E1AE93}"
EndProject
Project("{9A19103F-16F7-4668-BE54-9A1E7A4F7556}") = "LionFire.StateMachines.Tests", "src\LionFire.StateMachines.Tests\LionFire.StateMachines.Tests.csproj", "{F4550AB8-D110-44D8-993F-8BC48182CF03}"
EndProject
Project("{9A19103F-16F7-4668-BE54-9A1E7A4F7556}") = "LionFire.StateMachines.Generation", "src\LionFire.StateMachines.Generation\LionFire.StateMachines.Generation.csproj", "{DA2FAB04-C4EF-47BB-ABAF-41757735A3FD}"
EndProject
Project("{9A19103F-16F7-4668-BE54-9A1E7A4F7556}") = "LionFire.Execution.Program", "src\LionFire.Execution.Program\LionFire.Execution.Program.csproj", "{BC904049-FE78-4F9A-9CFD-400F086F5658}"
EndProject
Global
	GlobalSection(SolutionConfigurationPlatforms) = preSolution
		Debug|Any CPU = Debug|Any CPU
		Release|Any CPU = Release|Any CPU
	EndGlobalSection
	GlobalSection(ProjectConfigurationPlatforms) = postSolution
		{F5DD631D-3248-4854-8CF5-0642B6A51D93}.Debug|Any CPU.ActiveCfg = Debug|Any CPU
		{F5DD631D-3248-4854-8CF5-0642B6A51D93}.Debug|Any CPU.Build.0 = Debug|Any CPU
		{F5DD631D-3248-4854-8CF5-0642B6A51D93}.Release|Any CPU.ActiveCfg = Release|Any CPU
		{F5DD631D-3248-4854-8CF5-0642B6A51D93}.Release|Any CPU.Build.0 = Release|Any CPU
		{421E9A19-D78A-4767-9FF0-F2BB5752B5AF}.Debug|Any CPU.ActiveCfg = Debug|Any CPU
		{421E9A19-D78A-4767-9FF0-F2BB5752B5AF}.Debug|Any CPU.Build.0 = Debug|Any CPU
		{421E9A19-D78A-4767-9FF0-F2BB5752B5AF}.Release|Any CPU.ActiveCfg = Release|Any CPU
		{421E9A19-D78A-4767-9FF0-F2BB5752B5AF}.Release|Any CPU.Build.0 = Release|Any CPU
		{0E485681-0249-49F3-B08C-E68C29E25D7C}.Debug|Any CPU.ActiveCfg = Debug|Any CPU
		{0E485681-0249-49F3-B08C-E68C29E25D7C}.Debug|Any CPU.Build.0 = Debug|Any CPU
		{0E485681-0249-49F3-B08C-E68C29E25D7C}.Release|Any CPU.ActiveCfg = Release|Any CPU
		{0E485681-0249-49F3-B08C-E68C29E25D7C}.Release|Any CPU.Build.0 = Release|Any CPU
		{B3A9BCA9-2EE5-46A8-B3EE-0738BB68CDAF}.Debug|Any CPU.ActiveCfg = Debug|Any CPU
		{B3A9BCA9-2EE5-46A8-B3EE-0738BB68CDAF}.Debug|Any CPU.Build.0 = Debug|Any CPU
		{B3A9BCA9-2EE5-46A8-B3EE-0738BB68CDAF}.Release|Any CPU.ActiveCfg = Release|Any CPU
		{B3A9BCA9-2EE5-46A8-B3EE-0738BB68CDAF}.Release|Any CPU.Build.0 = Release|Any CPU
		{7EC019EC-9A04-452D-A360-13B5D25E0CA0}.Debug|Any CPU.ActiveCfg = Debug|Any CPU
		{7EC019EC-9A04-452D-A360-13B5D25E0CA0}.Debug|Any CPU.Build.0 = Debug|Any CPU
		{7EC019EC-9A04-452D-A360-13B5D25E0CA0}.Release|Any CPU.ActiveCfg = Release|Any CPU
		{7EC019EC-9A04-452D-A360-13B5D25E0CA0}.Release|Any CPU.Build.0 = Release|Any CPU
		{4C627E72-90D8-45A0-B9B7-6C0FBE0A3BB2}.Debug|Any CPU.ActiveCfg = Debug|Any CPU
		{4C627E72-90D8-45A0-B9B7-6C0FBE0A3BB2}.Debug|Any CPU.Build.0 = Debug|Any CPU
		{4C627E72-90D8-45A0-B9B7-6C0FBE0A3BB2}.Release|Any CPU.ActiveCfg = Release|Any CPU
		{4C627E72-90D8-45A0-B9B7-6C0FBE0A3BB2}.Release|Any CPU.Build.0 = Release|Any CPU
		{A443488C-8097-4DE5-83B0-272089C47D61}.Debug|Any CPU.ActiveCfg = Debug|Any CPU
		{A443488C-8097-4DE5-83B0-272089C47D61}.Debug|Any CPU.Build.0 = Debug|Any CPU
		{A443488C-8097-4DE5-83B0-272089C47D61}.Release|Any CPU.ActiveCfg = Release|Any CPU
		{A443488C-8097-4DE5-83B0-272089C47D61}.Release|Any CPU.Build.0 = Release|Any CPU
		{2638F46F-0E74-4095-A955-FC171211444D}.Debug|Any CPU.ActiveCfg = Debug|Any CPU
		{2638F46F-0E74-4095-A955-FC171211444D}.Debug|Any CPU.Build.0 = Debug|Any CPU
		{2638F46F-0E74-4095-A955-FC171211444D}.Release|Any CPU.ActiveCfg = Release|Any CPU
		{2638F46F-0E74-4095-A955-FC171211444D}.Release|Any CPU.Build.0 = Release|Any CPU
		{233BA497-988A-41A2-B4C9-B09C4DE2067C}.Debug|Any CPU.ActiveCfg = Debug|Any CPU
		{233BA497-988A-41A2-B4C9-B09C4DE2067C}.Debug|Any CPU.Build.0 = Debug|Any CPU
		{233BA497-988A-41A2-B4C9-B09C4DE2067C}.Release|Any CPU.ActiveCfg = Release|Any CPU
		{233BA497-988A-41A2-B4C9-B09C4DE2067C}.Release|Any CPU.Build.0 = Release|Any CPU
		{5ED8A64D-F11B-4F82-8FA8-B634B0772E6F}.Debug|Any CPU.ActiveCfg = Debug|Any CPU
		{5ED8A64D-F11B-4F82-8FA8-B634B0772E6F}.Debug|Any CPU.Build.0 = Debug|Any CPU
		{5ED8A64D-F11B-4F82-8FA8-B634B0772E6F}.Release|Any CPU.ActiveCfg = Release|Any CPU
		{5ED8A64D-F11B-4F82-8FA8-B634B0772E6F}.Release|Any CPU.Build.0 = Release|Any CPU
		{7BA9647E-FD29-455A-8857-57276E9A83F9}.Debug|Any CPU.ActiveCfg = Debug|Any CPU
		{7BA9647E-FD29-455A-8857-57276E9A83F9}.Debug|Any CPU.Build.0 = Debug|Any CPU
		{7BA9647E-FD29-455A-8857-57276E9A83F9}.Release|Any CPU.ActiveCfg = Release|Any CPU
		{7BA9647E-FD29-455A-8857-57276E9A83F9}.Release|Any CPU.Build.0 = Release|Any CPU
		{B95556CF-F25B-47A0-B67D-251750DC814C}.Debug|Any CPU.ActiveCfg = Debug|Any CPU
		{B95556CF-F25B-47A0-B67D-251750DC814C}.Debug|Any CPU.Build.0 = Debug|Any CPU
		{B95556CF-F25B-47A0-B67D-251750DC814C}.Release|Any CPU.ActiveCfg = Release|Any CPU
		{B95556CF-F25B-47A0-B67D-251750DC814C}.Release|Any CPU.Build.0 = Release|Any CPU
		{DF296A2B-EB88-47DE-B22A-41B18DDDACE4}.Debug|Any CPU.ActiveCfg = Debug|Any CPU
		{DF296A2B-EB88-47DE-B22A-41B18DDDACE4}.Debug|Any CPU.Build.0 = Debug|Any CPU
		{DF296A2B-EB88-47DE-B22A-41B18DDDACE4}.Release|Any CPU.ActiveCfg = Release|Any CPU
		{DF296A2B-EB88-47DE-B22A-41B18DDDACE4}.Release|Any CPU.Build.0 = Release|Any CPU
		{B66E2433-6552-4061-B0A0-4600F0966A3E}.Debug|Any CPU.ActiveCfg = Debug|Any CPU
		{B66E2433-6552-4061-B0A0-4600F0966A3E}.Debug|Any CPU.Build.0 = Debug|Any CPU
		{B66E2433-6552-4061-B0A0-4600F0966A3E}.Release|Any CPU.ActiveCfg = Release|Any CPU
		{B66E2433-6552-4061-B0A0-4600F0966A3E}.Release|Any CPU.Build.0 = Release|Any CPU
		{2E8C620C-378A-4F81-A004-489B405C3D4C}.Debug|Any CPU.ActiveCfg = Debug|Any CPU
		{2E8C620C-378A-4F81-A004-489B405C3D4C}.Debug|Any CPU.Build.0 = Debug|Any CPU
		{2E8C620C-378A-4F81-A004-489B405C3D4C}.Release|Any CPU.ActiveCfg = Release|Any CPU
		{2E8C620C-378A-4F81-A004-489B405C3D4C}.Release|Any CPU.Build.0 = Release|Any CPU
		{7C986424-F950-41CE-AA86-07FDFF85E361}.Debug|Any CPU.ActiveCfg = Debug|Any CPU
		{7C986424-F950-41CE-AA86-07FDFF85E361}.Debug|Any CPU.Build.0 = Debug|Any CPU
		{7C986424-F950-41CE-AA86-07FDFF85E361}.Release|Any CPU.ActiveCfg = Release|Any CPU
		{7C986424-F950-41CE-AA86-07FDFF85E361}.Release|Any CPU.Build.0 = Release|Any CPU
		{FA32BD92-3CDC-47D9-B8D4-D70E3B7188D2}.Debug|Any CPU.ActiveCfg = Debug|Any CPU
		{FA32BD92-3CDC-47D9-B8D4-D70E3B7188D2}.Debug|Any CPU.Build.0 = Debug|Any CPU
		{FA32BD92-3CDC-47D9-B8D4-D70E3B7188D2}.Release|Any CPU.ActiveCfg = Release|Any CPU
		{FA32BD92-3CDC-47D9-B8D4-D70E3B7188D2}.Release|Any CPU.Build.0 = Release|Any CPU
		{42D8890F-EDC1-453F-B1FF-CED7862BDC8E}.Debug|Any CPU.ActiveCfg = Debug|Any CPU
		{42D8890F-EDC1-453F-B1FF-CED7862BDC8E}.Debug|Any CPU.Build.0 = Debug|Any CPU
		{42D8890F-EDC1-453F-B1FF-CED7862BDC8E}.Release|Any CPU.ActiveCfg = Release|Any CPU
		{42D8890F-EDC1-453F-B1FF-CED7862BDC8E}.Release|Any CPU.Build.0 = Release|Any CPU
		{26B38ED5-7EF6-4149-91BB-A5CF1AAF7C73}.Debug|Any CPU.ActiveCfg = Debug|Any CPU
		{26B38ED5-7EF6-4149-91BB-A5CF1AAF7C73}.Debug|Any CPU.Build.0 = Debug|Any CPU
		{26B38ED5-7EF6-4149-91BB-A5CF1AAF7C73}.Release|Any CPU.ActiveCfg = Release|Any CPU
		{26B38ED5-7EF6-4149-91BB-A5CF1AAF7C73}.Release|Any CPU.Build.0 = Release|Any CPU
		{06C01E0E-DB1D-40F0-B67E-E0C9353791F1}.Debug|Any CPU.ActiveCfg = Debug|Any CPU
		{06C01E0E-DB1D-40F0-B67E-E0C9353791F1}.Debug|Any CPU.Build.0 = Debug|Any CPU
		{06C01E0E-DB1D-40F0-B67E-E0C9353791F1}.Release|Any CPU.ActiveCfg = Release|Any CPU
		{06C01E0E-DB1D-40F0-B67E-E0C9353791F1}.Release|Any CPU.Build.0 = Release|Any CPU
		{5492C9AC-0BD9-4745-B90C-6399E66FE966}.Debug|Any CPU.ActiveCfg = Debug|Any CPU
		{5492C9AC-0BD9-4745-B90C-6399E66FE966}.Debug|Any CPU.Build.0 = Debug|Any CPU
		{5492C9AC-0BD9-4745-B90C-6399E66FE966}.Release|Any CPU.ActiveCfg = Release|Any CPU
		{5492C9AC-0BD9-4745-B90C-6399E66FE966}.Release|Any CPU.Build.0 = Release|Any CPU
		{60FA5795-357C-4BD3-AE42-792735285B8B}.Debug|Any CPU.ActiveCfg = Debug|Any CPU
		{60FA5795-357C-4BD3-AE42-792735285B8B}.Debug|Any CPU.Build.0 = Debug|Any CPU
		{60FA5795-357C-4BD3-AE42-792735285B8B}.Release|Any CPU.ActiveCfg = Release|Any CPU
		{60FA5795-357C-4BD3-AE42-792735285B8B}.Release|Any CPU.Build.0 = Release|Any CPU
		{D3A605C2-E22F-424E-A14B-86061AB72AE0}.Debug|Any CPU.ActiveCfg = Debug|Any CPU
		{D3A605C2-E22F-424E-A14B-86061AB72AE0}.Debug|Any CPU.Build.0 = Debug|Any CPU
		{D3A605C2-E22F-424E-A14B-86061AB72AE0}.Release|Any CPU.ActiveCfg = Release|Any CPU
		{D3A605C2-E22F-424E-A14B-86061AB72AE0}.Release|Any CPU.Build.0 = Release|Any CPU
		{8F4B0B44-5A94-456F-BBCE-B6DFD81E86F3}.Debug|Any CPU.ActiveCfg = Debug|Any CPU
		{8F4B0B44-5A94-456F-BBCE-B6DFD81E86F3}.Debug|Any CPU.Build.0 = Debug|Any CPU
		{8F4B0B44-5A94-456F-BBCE-B6DFD81E86F3}.Release|Any CPU.ActiveCfg = Release|Any CPU
		{8F4B0B44-5A94-456F-BBCE-B6DFD81E86F3}.Release|Any CPU.Build.0 = Release|Any CPU
		{B624DA7E-B283-4B56-89E5-DAB4627AFB71}.Debug|Any CPU.ActiveCfg = Debug|Any CPU
		{B624DA7E-B283-4B56-89E5-DAB4627AFB71}.Debug|Any CPU.Build.0 = Debug|Any CPU
		{B624DA7E-B283-4B56-89E5-DAB4627AFB71}.Release|Any CPU.ActiveCfg = Release|Any CPU
		{B624DA7E-B283-4B56-89E5-DAB4627AFB71}.Release|Any CPU.Build.0 = Release|Any CPU
		{C049973E-8763-4480-BCFE-2990F8A0C1CE}.Debug|Any CPU.ActiveCfg = Debug|Any CPU
		{C049973E-8763-4480-BCFE-2990F8A0C1CE}.Debug|Any CPU.Build.0 = Debug|Any CPU
		{C049973E-8763-4480-BCFE-2990F8A0C1CE}.Release|Any CPU.ActiveCfg = Release|Any CPU
		{C049973E-8763-4480-BCFE-2990F8A0C1CE}.Release|Any CPU.Build.0 = Release|Any CPU
		{43FC315B-303A-4D3F-83AB-490E6ECC9834}.Debug|Any CPU.ActiveCfg = Debug|Any CPU
		{43FC315B-303A-4D3F-83AB-490E6ECC9834}.Debug|Any CPU.Build.0 = Debug|Any CPU
		{43FC315B-303A-4D3F-83AB-490E6ECC9834}.Release|Any CPU.ActiveCfg = Release|Any CPU
		{43FC315B-303A-4D3F-83AB-490E6ECC9834}.Release|Any CPU.Build.0 = Release|Any CPU
		{AF541BD8-A794-4990-A8CE-F3ABC2161210}.Debug|Any CPU.ActiveCfg = Debug|Any CPU
		{AF541BD8-A794-4990-A8CE-F3ABC2161210}.Debug|Any CPU.Build.0 = Debug|Any CPU
		{AF541BD8-A794-4990-A8CE-F3ABC2161210}.Release|Any CPU.ActiveCfg = Release|Any CPU
		{AF541BD8-A794-4990-A8CE-F3ABC2161210}.Release|Any CPU.Build.0 = Release|Any CPU
		{B7ED0A85-67DF-4E27-90FF-4FE271EAEA69}.Debug|Any CPU.ActiveCfg = Debug|Any CPU
		{B7ED0A85-67DF-4E27-90FF-4FE271EAEA69}.Debug|Any CPU.Build.0 = Debug|Any CPU
		{B7ED0A85-67DF-4E27-90FF-4FE271EAEA69}.Release|Any CPU.ActiveCfg = Release|Any CPU
		{B7ED0A85-67DF-4E27-90FF-4FE271EAEA69}.Release|Any CPU.Build.0 = Release|Any CPU
		{DC6FCD30-6D89-48D3-B953-9F4E9DD78D61}.Debug|Any CPU.ActiveCfg = Debug|Any CPU
		{DC6FCD30-6D89-48D3-B953-9F4E9DD78D61}.Debug|Any CPU.Build.0 = Debug|Any CPU
		{DC6FCD30-6D89-48D3-B953-9F4E9DD78D61}.Release|Any CPU.ActiveCfg = Release|Any CPU
		{DC6FCD30-6D89-48D3-B953-9F4E9DD78D61}.Release|Any CPU.Build.0 = Release|Any CPU
		{99C0D907-5BFB-4081-A290-83C191E1AE93}.Debug|Any CPU.ActiveCfg = Debug|Any CPU
		{99C0D907-5BFB-4081-A290-83C191E1AE93}.Debug|Any CPU.Build.0 = Debug|Any CPU
		{99C0D907-5BFB-4081-A290-83C191E1AE93}.Release|Any CPU.ActiveCfg = Release|Any CPU
		{99C0D907-5BFB-4081-A290-83C191E1AE93}.Release|Any CPU.Build.0 = Release|Any CPU
		{F4550AB8-D110-44D8-993F-8BC48182CF03}.Debug|Any CPU.ActiveCfg = Debug|Any CPU
		{F4550AB8-D110-44D8-993F-8BC48182CF03}.Debug|Any CPU.Build.0 = Debug|Any CPU
		{F4550AB8-D110-44D8-993F-8BC48182CF03}.Release|Any CPU.ActiveCfg = Release|Any CPU
		{F4550AB8-D110-44D8-993F-8BC48182CF03}.Release|Any CPU.Build.0 = Release|Any CPU
		{DA2FAB04-C4EF-47BB-ABAF-41757735A3FD}.Debug|Any CPU.ActiveCfg = Debug|Any CPU
		{DA2FAB04-C4EF-47BB-ABAF-41757735A3FD}.Debug|Any CPU.Build.0 = Debug|Any CPU
		{DA2FAB04-C4EF-47BB-ABAF-41757735A3FD}.Release|Any CPU.ActiveCfg = Release|Any CPU
		{DA2FAB04-C4EF-47BB-ABAF-41757735A3FD}.Release|Any CPU.Build.0 = Release|Any CPU
		{BC904049-FE78-4F9A-9CFD-400F086F5658}.Debug|Any CPU.ActiveCfg = Debug|Any CPU
		{BC904049-FE78-4F9A-9CFD-400F086F5658}.Debug|Any CPU.Build.0 = Debug|Any CPU
		{BC904049-FE78-4F9A-9CFD-400F086F5658}.Release|Any CPU.ActiveCfg = Release|Any CPU
		{BC904049-FE78-4F9A-9CFD-400F086F5658}.Release|Any CPU.Build.0 = Release|Any CPU
	EndGlobalSection
	GlobalSection(SolutionProperties) = preSolution
		HideSolutionNode = FALSE
	EndGlobalSection
	GlobalSection(NestedProjects) = preSolution
		{F5DD631D-3248-4854-8CF5-0642B6A51D93} = {418497D4-D25E-4254-9DB1-E5F7EBE24DA0}
		{421E9A19-D78A-4767-9FF0-F2BB5752B5AF} = {A3A8115C-B22B-4A3F-B738-46720422BAE2}
		{0E485681-0249-49F3-B08C-E68C29E25D7C} = {A3A8115C-B22B-4A3F-B738-46720422BAE2}
		{B3A9BCA9-2EE5-46A8-B3EE-0738BB68CDAF} = {09B43286-7E2B-4635-9DDB-DB0E01300E19}
		{7EC019EC-9A04-452D-A360-13B5D25E0CA0} = {09B43286-7E2B-4635-9DDB-DB0E01300E19}
		{4C627E72-90D8-45A0-B9B7-6C0FBE0A3BB2} = {09B43286-7E2B-4635-9DDB-DB0E01300E19}
		{A443488C-8097-4DE5-83B0-272089C47D61} = {BB7CDC1F-3D38-4656-97A9-132B25AD72D4}
		{2638F46F-0E74-4095-A955-FC171211444D} = {BB7CDC1F-3D38-4656-97A9-132B25AD72D4}
		{233BA497-988A-41A2-B4C9-B09C4DE2067C} = {A3A8115C-B22B-4A3F-B738-46720422BAE2}
		{5ED8A64D-F11B-4F82-8FA8-B634B0772E6F} = {A3A8115C-B22B-4A3F-B738-46720422BAE2}
		{7BA9647E-FD29-455A-8857-57276E9A83F9} = {418497D4-D25E-4254-9DB1-E5F7EBE24DA0}
		{B95556CF-F25B-47A0-B67D-251750DC814C} = {A3A8115C-B22B-4A3F-B738-46720422BAE2}
		{DF296A2B-EB88-47DE-B22A-41B18DDDACE4} = {A3A8115C-B22B-4A3F-B738-46720422BAE2}
		{B66E2433-6552-4061-B0A0-4600F0966A3E} = {A3A8115C-B22B-4A3F-B738-46720422BAE2}
		{2E8C620C-378A-4F81-A004-489B405C3D4C} = {A3A8115C-B22B-4A3F-B738-46720422BAE2}
		{7C986424-F950-41CE-AA86-07FDFF85E361} = {A3A8115C-B22B-4A3F-B738-46720422BAE2}
		{FA32BD92-3CDC-47D9-B8D4-D70E3B7188D2} = {A3A8115C-B22B-4A3F-B738-46720422BAE2}
		{42D8890F-EDC1-453F-B1FF-CED7862BDC8E} = {EB2EE17E-C328-4EA5-9A21-DFB083E602EB}
		{26B38ED5-7EF6-4149-91BB-A5CF1AAF7C73} = {EB2EE17E-C328-4EA5-9A21-DFB083E602EB}
		{06C01E0E-DB1D-40F0-B67E-E0C9353791F1} = {EB2EE17E-C328-4EA5-9A21-DFB083E602EB}
		{5492C9AC-0BD9-4745-B90C-6399E66FE966} = {59FBE985-A65C-4691-8149-D422A53D8E5F}
		{60FA5795-357C-4BD3-AE42-792735285B8B} = {59FBE985-A65C-4691-8149-D422A53D8E5F}
		{D3A605C2-E22F-424E-A14B-86061AB72AE0} = {59FBE985-A65C-4691-8149-D422A53D8E5F}
		{8F4B0B44-5A94-456F-BBCE-B6DFD81E86F3} = {09B43286-7E2B-4635-9DDB-DB0E01300E19}
		{B624DA7E-B283-4B56-89E5-DAB4627AFB71} = {59FBE985-A65C-4691-8149-D422A53D8E5F}
		{C049973E-8763-4480-BCFE-2990F8A0C1CE} = {59FBE985-A65C-4691-8149-D422A53D8E5F}
		{43FC315B-303A-4D3F-83AB-490E6ECC9834} = {418497D4-D25E-4254-9DB1-E5F7EBE24DA0}
		{AF541BD8-A794-4990-A8CE-F3ABC2161210} = {418497D4-D25E-4254-9DB1-E5F7EBE24DA0}
		{B7ED0A85-67DF-4E27-90FF-4FE271EAEA69} = {418497D4-D25E-4254-9DB1-E5F7EBE24DA0}
		{DC6FCD30-6D89-48D3-B953-9F4E9DD78D61} = {09B43286-7E2B-4635-9DDB-DB0E01300E19}
		{99C0D907-5BFB-4081-A290-83C191E1AE93} = {418497D4-D25E-4254-9DB1-E5F7EBE24DA0}
		{F4550AB8-D110-44D8-993F-8BC48182CF03} = {418497D4-D25E-4254-9DB1-E5F7EBE24DA0}
		{DA2FAB04-C4EF-47BB-ABAF-41757735A3FD} = {418497D4-D25E-4254-9DB1-E5F7EBE24DA0}
		{BC904049-FE78-4F9A-9CFD-400F086F5658} = {BB7CDC1F-3D38-4656-97A9-132B25AD72D4}
	EndGlobalSection
EndGlobal
