
Microsoft Visual Studio Solution File, Format Version 12.00
# Visual Studio 14
VisualStudioVersion = 14.0.25420.1
MinimumVisualStudioVersion = 10.0.40219.1
Project("{8BB2217D-0F2D-49D1-97BC-3654ED321F3B}") = "LionFire.Application", "src\LionFire.Application\LionFire.Application.xproj", "{E4B27AE8-25AF-4F17-B857-BF2EDEC416A9}"
EndProject
Project("{2150E333-8FDC-42A3-9474-1A3956D46DE8}") = "Solution Items", "Solution Items", "{A48456D5-DD7D-4E1C-9307-4996EA3D2CA8}"
	ProjectSection(SolutionItems) = preProject
		global.json = global.json
	EndProjectSection
EndProject
Project("{8BB2217D-0F2D-49D1-97BC-3654ED321F3B}") = "LionFire.Services", "src\LionFire.Services\LionFire.Services.xproj", "{E5585F25-02C1-4483-BDC9-A568ED5A61F6}"
EndProject
Project("{8BB2217D-0F2D-49D1-97BC-3654ED321F3B}") = "LionFire.Environment", "src\LionFire.Environment\LionFire.Environment.xproj", "{A138D9CC-E76A-4861-8D99-AC0287C249D5}"
EndProject
Project("{8BB2217D-0F2D-49D1-97BC-3654ED321F3B}") = "LionFire.Runtime.Extensions", "src\LionFire.Runtime.Extensions\LionFire.Runtime.Extensions.xproj", "{1BACFEC6-25EB-4FD5-B3CB-0117F2335BA9}"
EndProject
Project("{2150E333-8FDC-42A3-9474-1A3956D46DE8}") = "Platform", "Platform", "{418497D4-D25E-4254-9DB1-E5F7EBE24DA0}"
EndProject
Project("{2150E333-8FDC-42A3-9474-1A3956D46DE8}") = "Logging", "Logging", "{EB2EE17E-C328-4EA5-9A21-DFB083E602EB}"
EndProject
Project("{8BB2217D-0F2D-49D1-97BC-3654ED321F3B}") = "LionFire.Logging.Tester", "src\LionFire.Logging.Tester\LionFire.Logging.Tester.xproj", "{0885A773-CD9E-47A9-A427-1139F7CB17D4}"
EndProject
Project("{2150E333-8FDC-42A3-9474-1A3956D46DE8}") = "Services", "Services", "{CC2A1D96-12E3-471C-AD89-82D9778B415E}"
EndProject
Project("{2150E333-8FDC-42A3-9474-1A3956D46DE8}") = "Scripting", "Scripting", "{BB7CDC1F-3D38-4656-97A9-132B25AD72D4}"
EndProject
Project("{8BB2217D-0F2D-49D1-97BC-3654ED321F3B}") = "LionFire.Scripting.Roslyn", "src\LionFire.Scripting.Roslyn\LionFire.Scripting.Roslyn.xproj", "{A2DD7A59-6305-4704-B3C4-B8B955A4F43E}"
EndProject
Project("{8BB2217D-0F2D-49D1-97BC-3654ED321F3B}") = "LionFire.Services.Hosting", "src\LionFire.Services.Hosting\LionFire.Services.Hosting.xproj", "{19FBDDB0-1017-4557-BFD8-DD73E7C8B1BC}"
EndProject
Project("{8BB2217D-0F2D-49D1-97BC-3654ED321F3B}") = "LionFire.Services.Samples", "src\LionFire.Services.Samples\LionFire.Services.Samples.xproj", "{EDB7A65C-1D78-42A8-B9B5-E26AF3637B0C}"
EndProject
Project("{2150E333-8FDC-42A3-9474-1A3956D46DE8}") = "Remoting", "Remoting", "{1439D5A0-81DF-4BC3-8507-93D0F00BD4D0}"
EndProject
Project("{8BB2217D-0F2D-49D1-97BC-3654ED321F3B}") = "LionFire.Remoting.NetMQ", "src\LionFire.Remoting.NetMQ\LionFire.Remoting.NetMQ.xproj", "{8E882BC5-125C-474F-8464-C5AF5FB13C6B}"
EndProject
Project("{8BB2217D-0F2D-49D1-97BC-3654ED321F3B}") = "LionFire.Services.Conductor", "src\LionFire.Services.Conductor\LionFire.Services.Conductor.xproj", "{2FB4402B-A343-4FF0-90EE-485CC00A29EB}"
EndProject
Project("{8BB2217D-0F2D-49D1-97BC-3654ED321F3B}") = "LionFire.Services.Abstractions", "src\LionFire.Services.Abstractions\LionFire.Services.Abstractions.xproj", "{3F713CA2-AB4D-4159-8595-4D8E2A5BAA87}"
EndProject
Project("{8BB2217D-0F2D-49D1-97BC-3654ED321F3B}") = "LionFire.Scripting.Roslyn.Host", "src\LionFire.Scripting.Roslyn.Host\LionFire.Scripting.Roslyn.Host.xproj", "{D53B8164-2124-4087-AD2D-440EBDF639DF}"
EndProject
Project("{8BB2217D-0F2D-49D1-97BC-3654ED321F3B}") = "LionFire.Services.Discovery", "src\LionFire.Services.Discovery\LionFire.Services.Discovery.xproj", "{A200D72B-1BEE-4740-AB6A-3DBEB2946918}"
EndProject
Project("{8BB2217D-0F2D-49D1-97BC-3654ED321F3B}") = "LionFire.Services.Hosting.Program", "src\LionFire.Services.Hosting.Program\LionFire.Services.Hosting.Program.xproj", "{B19AF698-E4CC-4AA5-AE7F-03449AE6A69C}"
EndProject
Project("{8BB2217D-0F2D-49D1-97BC-3654ED321F3B}") = "LionFire.CommandLine", "src\LionFire.CommandLine\LionFire.CommandLine.xproj", "{7DC81B18-573D-4A9F-954E-001C834B0C84}"
EndProject
Project("{8BB2217D-0F2D-49D1-97BC-3654ED321F3B}") = "LionFire.Environment.CommandLine", "src\LionFire.Environment.CommandLine\LionFire.Environment.CommandLine.xproj", "{8AC9E69E-08D0-4497-A142-37D37BE5D6B9}"
EndProject
Global
	GlobalSection(SolutionConfigurationPlatforms) = preSolution
		Debug|Any CPU = Debug|Any CPU
		Release|Any CPU = Release|Any CPU
	EndGlobalSection
	GlobalSection(ProjectConfigurationPlatforms) = postSolution
		{E4B27AE8-25AF-4F17-B857-BF2EDEC416A9}.Debug|Any CPU.ActiveCfg = Debug|Any CPU
		{E4B27AE8-25AF-4F17-B857-BF2EDEC416A9}.Debug|Any CPU.Build.0 = Debug|Any CPU
		{E4B27AE8-25AF-4F17-B857-BF2EDEC416A9}.Release|Any CPU.ActiveCfg = Release|Any CPU
		{E4B27AE8-25AF-4F17-B857-BF2EDEC416A9}.Release|Any CPU.Build.0 = Release|Any CPU
		{E5585F25-02C1-4483-BDC9-A568ED5A61F6}.Debug|Any CPU.ActiveCfg = Debug|Any CPU
		{E5585F25-02C1-4483-BDC9-A568ED5A61F6}.Debug|Any CPU.Build.0 = Debug|Any CPU
		{E5585F25-02C1-4483-BDC9-A568ED5A61F6}.Release|Any CPU.ActiveCfg = Release|Any CPU
		{E5585F25-02C1-4483-BDC9-A568ED5A61F6}.Release|Any CPU.Build.0 = Release|Any CPU
		{A138D9CC-E76A-4861-8D99-AC0287C249D5}.Debug|Any CPU.ActiveCfg = Debug|Any CPU
		{A138D9CC-E76A-4861-8D99-AC0287C249D5}.Debug|Any CPU.Build.0 = Debug|Any CPU
		{A138D9CC-E76A-4861-8D99-AC0287C249D5}.Release|Any CPU.ActiveCfg = Release|Any CPU
		{A138D9CC-E76A-4861-8D99-AC0287C249D5}.Release|Any CPU.Build.0 = Release|Any CPU
		{1BACFEC6-25EB-4FD5-B3CB-0117F2335BA9}.Debug|Any CPU.ActiveCfg = Debug|Any CPU
		{1BACFEC6-25EB-4FD5-B3CB-0117F2335BA9}.Debug|Any CPU.Build.0 = Debug|Any CPU
		{1BACFEC6-25EB-4FD5-B3CB-0117F2335BA9}.Release|Any CPU.ActiveCfg = Release|Any CPU
		{1BACFEC6-25EB-4FD5-B3CB-0117F2335BA9}.Release|Any CPU.Build.0 = Release|Any CPU
		{0885A773-CD9E-47A9-A427-1139F7CB17D4}.Debug|Any CPU.ActiveCfg = Debug|Any CPU
		{0885A773-CD9E-47A9-A427-1139F7CB17D4}.Debug|Any CPU.Build.0 = Debug|Any CPU
		{0885A773-CD9E-47A9-A427-1139F7CB17D4}.Release|Any CPU.ActiveCfg = Release|Any CPU
		{0885A773-CD9E-47A9-A427-1139F7CB17D4}.Release|Any CPU.Build.0 = Release|Any CPU
		{A2DD7A59-6305-4704-B3C4-B8B955A4F43E}.Debug|Any CPU.ActiveCfg = Debug|Any CPU
		{A2DD7A59-6305-4704-B3C4-B8B955A4F43E}.Debug|Any CPU.Build.0 = Debug|Any CPU
		{A2DD7A59-6305-4704-B3C4-B8B955A4F43E}.Release|Any CPU.ActiveCfg = Release|Any CPU
		{A2DD7A59-6305-4704-B3C4-B8B955A4F43E}.Release|Any CPU.Build.0 = Release|Any CPU
		{19FBDDB0-1017-4557-BFD8-DD73E7C8B1BC}.Debug|Any CPU.ActiveCfg = Debug|Any CPU
		{19FBDDB0-1017-4557-BFD8-DD73E7C8B1BC}.Debug|Any CPU.Build.0 = Debug|Any CPU
		{19FBDDB0-1017-4557-BFD8-DD73E7C8B1BC}.Release|Any CPU.ActiveCfg = Release|Any CPU
		{19FBDDB0-1017-4557-BFD8-DD73E7C8B1BC}.Release|Any CPU.Build.0 = Release|Any CPU
		{EDB7A65C-1D78-42A8-B9B5-E26AF3637B0C}.Debug|Any CPU.ActiveCfg = Debug|Any CPU
		{EDB7A65C-1D78-42A8-B9B5-E26AF3637B0C}.Debug|Any CPU.Build.0 = Debug|Any CPU
		{EDB7A65C-1D78-42A8-B9B5-E26AF3637B0C}.Release|Any CPU.ActiveCfg = Release|Any CPU
		{EDB7A65C-1D78-42A8-B9B5-E26AF3637B0C}.Release|Any CPU.Build.0 = Release|Any CPU
		{8E882BC5-125C-474F-8464-C5AF5FB13C6B}.Debug|Any CPU.ActiveCfg = Debug|Any CPU
		{8E882BC5-125C-474F-8464-C5AF5FB13C6B}.Debug|Any CPU.Build.0 = Debug|Any CPU
		{8E882BC5-125C-474F-8464-C5AF5FB13C6B}.Release|Any CPU.ActiveCfg = Release|Any CPU
		{8E882BC5-125C-474F-8464-C5AF5FB13C6B}.Release|Any CPU.Build.0 = Release|Any CPU
		{2FB4402B-A343-4FF0-90EE-485CC00A29EB}.Debug|Any CPU.ActiveCfg = Debug|Any CPU
		{2FB4402B-A343-4FF0-90EE-485CC00A29EB}.Debug|Any CPU.Build.0 = Debug|Any CPU
		{2FB4402B-A343-4FF0-90EE-485CC00A29EB}.Release|Any CPU.ActiveCfg = Release|Any CPU
		{2FB4402B-A343-4FF0-90EE-485CC00A29EB}.Release|Any CPU.Build.0 = Release|Any CPU
		{3F713CA2-AB4D-4159-8595-4D8E2A5BAA87}.Debug|Any CPU.ActiveCfg = Debug|Any CPU
		{3F713CA2-AB4D-4159-8595-4D8E2A5BAA87}.Debug|Any CPU.Build.0 = Debug|Any CPU
		{3F713CA2-AB4D-4159-8595-4D8E2A5BAA87}.Release|Any CPU.ActiveCfg = Release|Any CPU
		{3F713CA2-AB4D-4159-8595-4D8E2A5BAA87}.Release|Any CPU.Build.0 = Release|Any CPU
		{D53B8164-2124-4087-AD2D-440EBDF639DF}.Debug|Any CPU.ActiveCfg = Debug|Any CPU
		{D53B8164-2124-4087-AD2D-440EBDF639DF}.Debug|Any CPU.Build.0 = Debug|Any CPU
		{D53B8164-2124-4087-AD2D-440EBDF639DF}.Release|Any CPU.ActiveCfg = Release|Any CPU
		{D53B8164-2124-4087-AD2D-440EBDF639DF}.Release|Any CPU.Build.0 = Release|Any CPU
		{A200D72B-1BEE-4740-AB6A-3DBEB2946918}.Debug|Any CPU.ActiveCfg = Debug|Any CPU
		{A200D72B-1BEE-4740-AB6A-3DBEB2946918}.Debug|Any CPU.Build.0 = Debug|Any CPU
		{A200D72B-1BEE-4740-AB6A-3DBEB2946918}.Release|Any CPU.ActiveCfg = Release|Any CPU
		{A200D72B-1BEE-4740-AB6A-3DBEB2946918}.Release|Any CPU.Build.0 = Release|Any CPU
		{B19AF698-E4CC-4AA5-AE7F-03449AE6A69C}.Debug|Any CPU.ActiveCfg = Debug|Any CPU
		{B19AF698-E4CC-4AA5-AE7F-03449AE6A69C}.Debug|Any CPU.Build.0 = Debug|Any CPU
		{B19AF698-E4CC-4AA5-AE7F-03449AE6A69C}.Release|Any CPU.ActiveCfg = Release|Any CPU
		{B19AF698-E4CC-4AA5-AE7F-03449AE6A69C}.Release|Any CPU.Build.0 = Release|Any CPU
		{7DC81B18-573D-4A9F-954E-001C834B0C84}.Debug|Any CPU.ActiveCfg = Debug|Any CPU
		{7DC81B18-573D-4A9F-954E-001C834B0C84}.Debug|Any CPU.Build.0 = Debug|Any CPU
		{7DC81B18-573D-4A9F-954E-001C834B0C84}.Release|Any CPU.ActiveCfg = Release|Any CPU
		{7DC81B18-573D-4A9F-954E-001C834B0C84}.Release|Any CPU.Build.0 = Release|Any CPU
		{8AC9E69E-08D0-4497-A142-37D37BE5D6B9}.Debug|Any CPU.ActiveCfg = Debug|Any CPU
		{8AC9E69E-08D0-4497-A142-37D37BE5D6B9}.Debug|Any CPU.Build.0 = Debug|Any CPU
		{8AC9E69E-08D0-4497-A142-37D37BE5D6B9}.Release|Any CPU.ActiveCfg = Release|Any CPU
		{8AC9E69E-08D0-4497-A142-37D37BE5D6B9}.Release|Any CPU.Build.0 = Release|Any CPU
	EndGlobalSection
	GlobalSection(SolutionProperties) = preSolution
		HideSolutionNode = FALSE
	EndGlobalSection
	GlobalSection(NestedProjects) = preSolution
		{E4B27AE8-25AF-4F17-B857-BF2EDEC416A9} = {418497D4-D25E-4254-9DB1-E5F7EBE24DA0}
		{E5585F25-02C1-4483-BDC9-A568ED5A61F6} = {CC2A1D96-12E3-471C-AD89-82D9778B415E}
		{A138D9CC-E76A-4861-8D99-AC0287C249D5} = {418497D4-D25E-4254-9DB1-E5F7EBE24DA0}
		{1BACFEC6-25EB-4FD5-B3CB-0117F2335BA9} = {418497D4-D25E-4254-9DB1-E5F7EBE24DA0}
		{0885A773-CD9E-47A9-A427-1139F7CB17D4} = {EB2EE17E-C328-4EA5-9A21-DFB083E602EB}
		{A2DD7A59-6305-4704-B3C4-B8B955A4F43E} = {BB7CDC1F-3D38-4656-97A9-132B25AD72D4}
		{19FBDDB0-1017-4557-BFD8-DD73E7C8B1BC} = {CC2A1D96-12E3-471C-AD89-82D9778B415E}
		{EDB7A65C-1D78-42A8-B9B5-E26AF3637B0C} = {CC2A1D96-12E3-471C-AD89-82D9778B415E}
		{8E882BC5-125C-474F-8464-C5AF5FB13C6B} = {1439D5A0-81DF-4BC3-8507-93D0F00BD4D0}
		{2FB4402B-A343-4FF0-90EE-485CC00A29EB} = {CC2A1D96-12E3-471C-AD89-82D9778B415E}
		{3F713CA2-AB4D-4159-8595-4D8E2A5BAA87} = {CC2A1D96-12E3-471C-AD89-82D9778B415E}
		{D53B8164-2124-4087-AD2D-440EBDF639DF} = {BB7CDC1F-3D38-4656-97A9-132B25AD72D4}
		{A200D72B-1BEE-4740-AB6A-3DBEB2946918} = {CC2A1D96-12E3-471C-AD89-82D9778B415E}
		{B19AF698-E4CC-4AA5-AE7F-03449AE6A69C} = {CC2A1D96-12E3-471C-AD89-82D9778B415E}
		{7DC81B18-573D-4A9F-954E-001C834B0C84} = {418497D4-D25E-4254-9DB1-E5F7EBE24DA0}
		{8AC9E69E-08D0-4497-A142-37D37BE5D6B9} = {418497D4-D25E-4254-9DB1-E5F7EBE24DA0}
	EndGlobalSection
EndGlobal
