
Microsoft Visual Studio Solution File, Format Version 12.00
# Visual Studio 15
VisualStudioVersion = 15.0.26730.16
MinimumVisualStudioVersion = 10.0.40219.1
Project("{9A19103F-16F7-4668-BE54-9A1E7A4F7556}") = "LionFire.Core", "src\LionFire.Core\LionFire.Core.csproj", "{034E1839-23D5-45BE-BCA5-BD325DC73805}"
EndProject
Project("{FAE04EC0-301F-11D3-BF4B-00C04F79EFBC}") = "LionFire.Machine.Sentinel", "src\LionFire.Machine.Sentinel\LionFire.Machine.Sentinel.csproj", "{D17D30CC-8B1C-47B3-9961-E30AC057179B}"
EndProject
Project("{E53339B2-1760-4266-BCC7-CA923CBCF16C}") = "docker-compose", "docker-compose.dcproj", "{4842758E-1311-4A82-95FD-58DA4D91E65B}"
EndProject
Global
	GlobalSection(SolutionConfigurationPlatforms) = preSolution
		Debug|Any CPU = Debug|Any CPU
		Release|Any CPU = Release|Any CPU
	EndGlobalSection
	GlobalSection(ProjectConfigurationPlatforms) = postSolution
		{034E1839-23D5-45BE-BCA5-BD325DC73805}.Debug|Any CPU.ActiveCfg = Debug|Any CPU
		{034E1839-23D5-45BE-BCA5-BD325DC73805}.Debug|Any CPU.Build.0 = Debug|Any CPU
		{034E1839-23D5-45BE-BCA5-BD325DC73805}.Release|Any CPU.ActiveCfg = Release|Any CPU
		{034E1839-23D5-45BE-BCA5-BD325DC73805}.Release|Any CPU.Build.0 = Release|Any CPU
		{D17D30CC-8B1C-47B3-9961-E30AC057179B}.Debug|Any CPU.ActiveCfg = Debug|Any CPU
		{D17D30CC-8B1C-47B3-9961-E30AC057179B}.Debug|Any CPU.Build.0 = Debug|Any CPU
		{D17D30CC-8B1C-47B3-9961-E30AC057179B}.Release|Any CPU.ActiveCfg = Release|Any CPU
		{D17D30CC-8B1C-47B3-9961-E30AC057179B}.Release|Any CPU.Build.0 = Release|Any CPU
		{4842758E-1311-4A82-95FD-58DA4D91E65B}.Debug|Any CPU.ActiveCfg = Debug|Any CPU
		{4842758E-1311-4A82-95FD-58DA4D91E65B}.Debug|Any CPU.Build.0 = Debug|Any CPU
		{4842758E-1311-4A82-95FD-58DA4D91E65B}.Release|Any CPU.ActiveCfg = Release|Any CPU
		{4842758E-1311-4A82-95FD-58DA4D91E65B}.Release|Any CPU.Build.0 = Release|Any CPU
	EndGlobalSection
	GlobalSection(SolutionProperties) = preSolution
		HideSolutionNode = FALSE
	EndGlobalSection
	GlobalSection(ExtensibilityGlobals) = postSolution
		SolutionGuid = {89B6531B-43D9-4CCE-AF80-5E44757C56D1}
	EndGlobalSection
EndGlobal
